// !$*UTF8*$!
{
	archiveVersion = 1;
	classes = {
	};
	objectVersion = 50;
	objects = {

/* Begin PBXBuildFile section */
		F879552F27BCCC7700571DA8 /* shared in Resources */ = {isa = PBXBuildFile; fileRef = F879552D27BCCBF900571DA8 /* shared */; };
		F88D6F4425DDEF08001F90AF /* AppDelegate.swift in Sources */ = {isa = PBXBuildFile; fileRef = F88D6F4325DDEF08001F90AF /* AppDelegate.swift */; };
		F88D6F4725DDEF08001F90AF /* Main.storyboard in Resources */ = {isa = PBXBuildFile; fileRef = F88D6F4525DDEF08001F90AF /* Main.storyboard */; };
		F88D6F4925DDEF08001F90AF /* ViewController.swift in Sources */ = {isa = PBXBuildFile; fileRef = F88D6F4825DDEF08001F90AF /* ViewController.swift */; };
		F88D6F4B25DDEF0A001F90AF /* Assets.xcassets in Resources */ = {isa = PBXBuildFile; fileRef = F88D6F4A25DDEF0A001F90AF /* Assets.xcassets */; };
		F88D6F5225DDEF0A001F90AF /* MarkDownload - Markdown Web Clipper Extension.appex in Embed App Extensions */ = {isa = PBXBuildFile; fileRef = F88D6F5125DDEF0A001F90AF /* MarkDownload - Markdown Web Clipper Extension.appex */; settings = {ATTRIBUTES = (RemoveHeadersOnCopy, ); }; };
		F88D6F5725DDEF0A001F90AF /* Cocoa.framework in Frameworks */ = {isa = PBXBuildFile; fileRef = F88D6F5625DDEF0A001F90AF /* Cocoa.framework */; };
		F88D6F5A25DDEF0A001F90AF /* SafariWebExtensionHandler.swift in Sources */ = {isa = PBXBuildFile; fileRef = F88D6F5925DDEF0A001F90AF /* SafariWebExtensionHandler.swift */; };
		F88D6F6E25DDEF0B001F90AF /* background in Resources */ = {isa = PBXBuildFile; fileRef = F88D6F6725DDEF0B001F90AF /* background */; };
		F88D6F6F25DDEF0B001F90AF /* options in Resources */ = {isa = PBXBuildFile; fileRef = F88D6F6825DDEF0B001F90AF /* options */; };
		F88D6F7025DDEF0B001F90AF /* popup in Resources */ = {isa = PBXBuildFile; fileRef = F88D6F6925DDEF0B001F90AF /* popup */; };
		F88D6F7125DDEF0B001F90AF /* browser-polyfill.min.js in Resources */ = {isa = PBXBuildFile; fileRef = F88D6F6A25DDEF0B001F90AF /* browser-polyfill.min.js */; };
		F88D6F7225DDEF0B001F90AF /* icons in Resources */ = {isa = PBXBuildFile; fileRef = F88D6F6B25DDEF0B001F90AF /* icons */; };
		F88D6F7325DDEF0B001F90AF /* manifest.json in Resources */ = {isa = PBXBuildFile; fileRef = F88D6F6C25DDEF0B001F90AF /* manifest.json */; };
		F88D6F7425DDEF0B001F90AF /* contentScript in Resources */ = {isa = PBXBuildFile; fileRef = F88D6F6D25DDEF0B001F90AF /* contentScript */; };
/* End PBXBuildFile section */

/* Begin PBXContainerItemProxy section */
		F88D6F5325DDEF0A001F90AF /* PBXContainerItemProxy */ = {
			isa = PBXContainerItemProxy;
			containerPortal = F88D6F3725DDEF07001F90AF /* Project object */;
			proxyType = 1;
			remoteGlobalIDString = F88D6F5025DDEF0A001F90AF;
			remoteInfo = "MarkDownload - Markdown Web Clipper Extension";
		};
/* End PBXContainerItemProxy section */

/* Begin PBXCopyFilesBuildPhase section */
		F88D6F6225DDEF0A001F90AF /* Embed App Extensions */ = {
			isa = PBXCopyFilesBuildPhase;
			buildActionMask = 2147483647;
			dstPath = "";
			dstSubfolderSpec = 13;
			files = (
				F88D6F5225DDEF0A001F90AF /* MarkDownload - Markdown Web Clipper Extension.appex in Embed App Extensions */,
			);
			name = "Embed App Extensions";
			runOnlyForDeploymentPostprocessing = 0;
		};
/* End PBXCopyFilesBuildPhase section */

/* Begin PBXFileReference section */
		F879552D27BCCBF900571DA8 /* shared */ = {isa = PBXFileReference; lastKnownFileType = folder; name = shared; path = ../../../src/shared; sourceTree = "<group>"; };
		F88D6F3F25DDEF08001F90AF /* MarkDownload - Markdown Web Clipper.app */ = {isa = PBXFileReference; explicitFileType = wrapper.application; includeInIndex = 0; path = "MarkDownload - Markdown Web Clipper.app"; sourceTree = BUILT_PRODUCTS_DIR; };
		F88D6F4225DDEF08001F90AF /* MarkDownload___Markdown_Web_Clipper.entitlements */ = {isa = PBXFileReference; lastKnownFileType = text.plist.entitlements; path = "MarkDownload___Markdown_Web_Clipper.entitlements"; sourceTree = "<group>"; };
		F88D6F4325DDEF08001F90AF /* AppDelegate.swift */ = {isa = PBXFileReference; lastKnownFileType = sourcecode.swift; path = AppDelegate.swift; sourceTree = "<group>"; };
		F88D6F4625DDEF08001F90AF /* Base */ = {isa = PBXFileReference; lastKnownFileType = file.storyboard; name = Base; path = Base.lproj/Main.storyboard; sourceTree = "<group>"; };
		F88D6F4825DDEF08001F90AF /* ViewController.swift */ = {isa = PBXFileReference; lastKnownFileType = sourcecode.swift; path = ViewController.swift; sourceTree = "<group>"; };
		F88D6F4A25DDEF0A001F90AF /* Assets.xcassets */ = {isa = PBXFileReference; lastKnownFileType = folder.assetcatalog; path = Assets.xcassets; sourceTree = "<group>"; };
		F88D6F4C25DDEF0A001F90AF /* Info.plist */ = {isa = PBXFileReference; lastKnownFileType = text.plist.xml; path = Info.plist; sourceTree = "<group>"; };
		F88D6F5125DDEF0A001F90AF /* MarkDownload - Markdown Web Clipper Extension.appex */ = {isa = PBXFileReference; explicitFileType = "wrapper.app-extension"; includeInIndex = 0; path = "MarkDownload - Markdown Web Clipper Extension.appex"; sourceTree = BUILT_PRODUCTS_DIR; };
		F88D6F5625DDEF0A001F90AF /* Cocoa.framework */ = {isa = PBXFileReference; lastKnownFileType = wrapper.framework; name = Cocoa.framework; path = System/Library/Frameworks/Cocoa.framework; sourceTree = SDKROOT; };
		F88D6F5925DDEF0A001F90AF /* SafariWebExtensionHandler.swift */ = {isa = PBXFileReference; lastKnownFileType = sourcecode.swift; path = SafariWebExtensionHandler.swift; sourceTree = "<group>"; };
		F88D6F5B25DDEF0A001F90AF /* Info.plist */ = {isa = PBXFileReference; lastKnownFileType = text.plist.xml; path = Info.plist; sourceTree = "<group>"; };
		F88D6F5C25DDEF0A001F90AF /* MarkDownload___Markdown_Web_Clipper_Extension.entitlements */ = {isa = PBXFileReference; lastKnownFileType = text.plist.entitlements; path = "MarkDownload___Markdown_Web_Clipper_Extension.entitlements"; sourceTree = "<group>"; };
		F88D6F6725DDEF0B001F90AF /* background */ = {isa = PBXFileReference; lastKnownFileType = folder; name = background; path = ../../../src/background; sourceTree = "<group>"; };
		F88D6F6825DDEF0B001F90AF /* options */ = {isa = PBXFileReference; lastKnownFileType = folder; name = options; path = ../../../src/options; sourceTree = "<group>"; };
		F88D6F6925DDEF0B001F90AF /* popup */ = {isa = PBXFileReference; lastKnownFileType = folder; name = popup; path = ../../../src/popup; sourceTree = "<group>"; };
		F88D6F6A25DDEF0B001F90AF /* browser-polyfill.min.js */ = {isa = PBXFileReference; lastKnownFileType = sourcecode.javascript; name = "browser-polyfill.min.js"; path = "../../../src/browser-polyfill.min.js"; sourceTree = "<group>"; };
		F88D6F6B25DDEF0B001F90AF /* icons */ = {isa = PBXFileReference; lastKnownFileType = folder; name = icons; path = ../../../src/icons; sourceTree = "<group>"; };
		F88D6F6C25DDEF0B001F90AF /* manifest.json */ = {isa = PBXFileReference; lastKnownFileType = text.json; name = manifest.json; path = ../../../src/manifest.json; sourceTree = "<group>"; };
		F88D6F6D25DDEF0B001F90AF /* contentScript */ = {isa = PBXFileReference; lastKnownFileType = folder; name = contentScript; path = ../../../src/contentScript; sourceTree = "<group>"; };
/* End PBXFileReference section */

/* Begin PBXFrameworksBuildPhase section */
		F88D6F3C25DDEF07001F90AF /* Frameworks */ = {
			isa = PBXFrameworksBuildPhase;
			buildActionMask = 2147483647;
			files = (
			);
			runOnlyForDeploymentPostprocessing = 0;
		};
		F88D6F4E25DDEF0A001F90AF /* Frameworks */ = {
			isa = PBXFrameworksBuildPhase;
			buildActionMask = 2147483647;
			files = (
				F88D6F5725DDEF0A001F90AF /* Cocoa.framework in Frameworks */,
			);
			runOnlyForDeploymentPostprocessing = 0;
		};
/* End PBXFrameworksBuildPhase section */

/* Begin PBXGroup section */
		F88D6F3625DDEF07001F90AF = {
			isa = PBXGroup;
			children = (
				F88D6F4125DDEF08001F90AF /* MarkDownload - Markdown Web Clipper */,
				F88D6F5825DDEF0A001F90AF /* MarkDownload - Markdown Web Clipper Extension */,
				F88D6F5525DDEF0A001F90AF /* Frameworks */,
				F88D6F4025DDEF08001F90AF /* Products */,
			);
			sourceTree = "<group>";
		};
		F88D6F4025DDEF08001F90AF /* Products */ = {
			isa = PBXGroup;
			children = (
				F88D6F3F25DDEF08001F90AF /* MarkDownload - Markdown Web Clipper.app */,
				F88D6F5125DDEF0A001F90AF /* MarkDownload - Markdown Web Clipper Extension.appex */,
			);
			name = Products;
			sourceTree = "<group>";
		};
		F88D6F4125DDEF08001F90AF /* MarkDownload - Markdown Web Clipper */ = {
			isa = PBXGroup;
			children = (
				F88D6F4225DDEF08001F90AF /* MarkDownload___Markdown_Web_Clipper.entitlements */,
				F88D6F4325DDEF08001F90AF /* AppDelegate.swift */,
				F88D6F4525DDEF08001F90AF /* Main.storyboard */,
				F88D6F4825DDEF08001F90AF /* ViewController.swift */,
				F88D6F4A25DDEF0A001F90AF /* Assets.xcassets */,
				F88D6F4C25DDEF0A001F90AF /* Info.plist */,
			);
			path = "MarkDownload - Markdown Web Clipper";
			sourceTree = "<group>";
		};
		F88D6F5525DDEF0A001F90AF /* Frameworks */ = {
			isa = PBXGroup;
			children = (
				F88D6F5625DDEF0A001F90AF /* Cocoa.framework */,
			);
			name = Frameworks;
			sourceTree = "<group>";
		};
		F88D6F5825DDEF0A001F90AF /* MarkDownload - Markdown Web Clipper Extension */ = {
			isa = PBXGroup;
			children = (
				F88D6F6625DDEF0B001F90AF /* Resources */,
				F88D6F5925DDEF0A001F90AF /* SafariWebExtensionHandler.swift */,
				F88D6F5B25DDEF0A001F90AF /* Info.plist */,
				F88D6F5C25DDEF0A001F90AF /* MarkDownload___Markdown_Web_Clipper_Extension.entitlements */,
			);
			path = "MarkDownload - Markdown Web Clipper Extension";
			sourceTree = "<group>";
		};
		F88D6F6625DDEF0B001F90AF /* Resources */ = {
			isa = PBXGroup;
			children = (
				F879552D27BCCBF900571DA8 /* shared */,
				F88D6F6725DDEF0B001F90AF /* background */,
				F88D6F6825DDEF0B001F90AF /* options */,
				F88D6F6925DDEF0B001F90AF /* popup */,
				F88D6F6A25DDEF0B001F90AF /* browser-polyfill.min.js */,
				F88D6F6B25DDEF0B001F90AF /* icons */,
				F88D6F6C25DDEF0B001F90AF /* manifest.json */,
				F88D6F6D25DDEF0B001F90AF /* contentScript */,
			);
			name = Resources;
			path = "MarkDownload - Markdown Web Clipper Extension";
			sourceTree = SOURCE_ROOT;
		};
/* End PBXGroup section */

/* Begin PBXNativeTarget section */
		F88D6F3E25DDEF07001F90AF /* MarkDownload - Markdown Web Clipper */ = {
			isa = PBXNativeTarget;
			buildConfigurationList = F88D6F6325DDEF0A001F90AF /* Build configuration list for PBXNativeTarget "MarkDownload - Markdown Web Clipper" */;
			buildPhases = (
				F88D6F3B25DDEF07001F90AF /* Sources */,
				F88D6F3C25DDEF07001F90AF /* Frameworks */,
				F88D6F3D25DDEF07001F90AF /* Resources */,
				F88D6F6225DDEF0A001F90AF /* Embed App Extensions */,
			);
			buildRules = (
			);
			dependencies = (
				F88D6F5425DDEF0A001F90AF /* PBXTargetDependency */,
			);
			name = "MarkDownload - Markdown Web Clipper";
			productName = "MarkDownload - Markdown Web Clipper";
			productReference = F88D6F3F25DDEF08001F90AF /* MarkDownload - Markdown Web Clipper.app */;
			productType = "com.apple.product-type.application";
		};
		F88D6F5025DDEF0A001F90AF /* MarkDownload - Markdown Web Clipper Extension */ = {
			isa = PBXNativeTarget;
			buildConfigurationList = F88D6F5F25DDEF0A001F90AF /* Build configuration list for PBXNativeTarget "MarkDownload - Markdown Web Clipper Extension" */;
			buildPhases = (
				F88D6F4D25DDEF0A001F90AF /* Sources */,
				F88D6F4E25DDEF0A001F90AF /* Frameworks */,
				F88D6F4F25DDEF0A001F90AF /* Resources */,
			);
			buildRules = (
			);
			dependencies = (
			);
			name = "MarkDownload - Markdown Web Clipper Extension";
			productName = "MarkDownload - Markdown Web Clipper Extension";
			productReference = F88D6F5125DDEF0A001F90AF /* MarkDownload - Markdown Web Clipper Extension.appex */;
			productType = "com.apple.product-type.app-extension";
		};
/* End PBXNativeTarget section */

/* Begin PBXProject section */
		F88D6F3725DDEF07001F90AF /* Project object */ = {
			isa = PBXProject;
			attributes = {
				LastSwiftUpdateCheck = 1240;
				LastUpgradeCheck = 1240;
				TargetAttributes = {
					F88D6F3E25DDEF07001F90AF = {
						CreatedOnToolsVersion = 12.4;
					};
					F88D6F5025DDEF0A001F90AF = {
						CreatedOnToolsVersion = 12.4;
					};
				};
			};
			buildConfigurationList = F88D6F3A25DDEF07001F90AF /* Build configuration list for PBXProject "MarkDownload - Markdown Web Clipper" */;
			compatibilityVersion = "Xcode 9.3";
			developmentRegion = en;
			hasScannedForEncodings = 0;
			knownRegions = (
				en,
				Base,
			);
			mainGroup = F88D6F3625DDEF07001F90AF;
			productRefGroup = F88D6F4025DDEF08001F90AF /* Products */;
			projectDirPath = "";
			projectRoot = "";
			targets = (
				F88D6F3E25DDEF07001F90AF /* MarkDownload - Markdown Web Clipper */,
				F88D6F5025DDEF0A001F90AF /* MarkDownload - Markdown Web Clipper Extension */,
			);
		};
/* End PBXProject section */

/* Begin PBXResourcesBuildPhase section */
		F88D6F3D25DDEF07001F90AF /* Resources */ = {
			isa = PBXResourcesBuildPhase;
			buildActionMask = 2147483647;
			files = (
				F88D6F4B25DDEF0A001F90AF /* Assets.xcassets in Resources */,
				F88D6F4725DDEF08001F90AF /* Main.storyboard in Resources */,
			);
			runOnlyForDeploymentPostprocessing = 0;
		};
		F88D6F4F25DDEF0A001F90AF /* Resources */ = {
			isa = PBXResourcesBuildPhase;
			buildActionMask = 2147483647;
			files = (
				F879552F27BCCC7700571DA8 /* shared in Resources */,
				F88D6F7125DDEF0B001F90AF /* browser-polyfill.min.js in Resources */,
				F88D6F7025DDEF0B001F90AF /* popup in Resources */,
				F88D6F6E25DDEF0B001F90AF /* background in Resources */,
				F88D6F7425DDEF0B001F90AF /* contentScript in Resources */,
				F88D6F7225DDEF0B001F90AF /* icons in Resources */,
				F88D6F7325DDEF0B001F90AF /* manifest.json in Resources */,
				F88D6F6F25DDEF0B001F90AF /* options in Resources */,
			);
			runOnlyForDeploymentPostprocessing = 0;
		};
/* End PBXResourcesBuildPhase section */

/* Begin PBXSourcesBuildPhase section */
		F88D6F3B25DDEF07001F90AF /* Sources */ = {
			isa = PBXSourcesBuildPhase;
			buildActionMask = 2147483647;
			files = (
				F88D6F4925DDEF08001F90AF /* ViewController.swift in Sources */,
				F88D6F4425DDEF08001F90AF /* AppDelegate.swift in Sources */,
			);
			runOnlyForDeploymentPostprocessing = 0;
		};
		F88D6F4D25DDEF0A001F90AF /* Sources */ = {
			isa = PBXSourcesBuildPhase;
			buildActionMask = 2147483647;
			files = (
				F88D6F5A25DDEF0A001F90AF /* SafariWebExtensionHandler.swift in Sources */,
			);
			runOnlyForDeploymentPostprocessing = 0;
		};
/* End PBXSourcesBuildPhase section */

/* Begin PBXTargetDependency section */
		F88D6F5425DDEF0A001F90AF /* PBXTargetDependency */ = {
			isa = PBXTargetDependency;
			target = F88D6F5025DDEF0A001F90AF /* MarkDownload - Markdown Web Clipper Extension */;
			targetProxy = F88D6F5325DDEF0A001F90AF /* PBXContainerItemProxy */;
		};
/* End PBXTargetDependency section */

/* Begin PBXVariantGroup section */
		F88D6F4525DDEF08001F90AF /* Main.storyboard */ = {
			isa = PBXVariantGroup;
			children = (
				F88D6F4625DDEF08001F90AF /* Base */,
			);
			name = Main.storyboard;
			sourceTree = "<group>";
		};
/* End PBXVariantGroup section */

/* Begin XCBuildConfiguration section */
		F88D6F5D25DDEF0A001F90AF /* Debug */ = {
			isa = XCBuildConfiguration;
			buildSettings = {
				ALWAYS_SEARCH_USER_PATHS = NO;
				CLANG_ANALYZER_NONNULL = YES;
				CLANG_ANALYZER_NUMBER_OBJECT_CONVERSION = YES_AGGRESSIVE;
				CLANG_CXX_LANGUAGE_STANDARD = "gnu++14";
				CLANG_CXX_LIBRARY = "libc++";
				CLANG_ENABLE_MODULES = YES;
				CLANG_ENABLE_OBJC_ARC = YES;
				CLANG_ENABLE_OBJC_WEAK = YES;
				CLANG_WARN_BLOCK_CAPTURE_AUTORELEASING = YES;
				CLANG_WARN_BOOL_CONVERSION = YES;
				CLANG_WARN_COMMA = YES;
				CLANG_WARN_CONSTANT_CONVERSION = YES;
				CLANG_WARN_DEPRECATED_OBJC_IMPLEMENTATIONS = YES;
				CLANG_WARN_DIRECT_OBJC_ISA_USAGE = YES_ERROR;
				CLANG_WARN_DOCUMENTATION_COMMENTS = YES;
				CLANG_WARN_EMPTY_BODY = YES;
				CLANG_WARN_ENUM_CONVERSION = YES;
				CLANG_WARN_INFINITE_RECURSION = YES;
				CLANG_WARN_INT_CONVERSION = YES;
				CLANG_WARN_NON_LITERAL_NULL_CONVERSION = YES;
				CLANG_WARN_OBJC_IMPLICIT_RETAIN_SELF = YES;
				CLANG_WARN_OBJC_LITERAL_CONVERSION = YES;
				CLANG_WARN_OBJC_ROOT_CLASS = YES_ERROR;
				CLANG_WARN_QUOTED_INCLUDE_IN_FRAMEWORK_HEADER = YES;
				CLANG_WARN_RANGE_LOOP_ANALYSIS = YES;
				CLANG_WARN_STRICT_PROTOTYPES = YES;
				CLANG_WARN_SUSPICIOUS_MOVE = YES;
				CLANG_WARN_UNGUARDED_AVAILABILITY = YES_AGGRESSIVE;
				CLANG_WARN_UNREACHABLE_CODE = YES;
				CLANG_WARN__DUPLICATE_METHOD_MATCH = YES;
				COPY_PHASE_STRIP = NO;
				DEBUG_INFORMATION_FORMAT = dwarf;
				ENABLE_STRICT_OBJC_MSGSEND = YES;
				ENABLE_TESTABILITY = YES;
				GCC_C_LANGUAGE_STANDARD = gnu11;
				GCC_DYNAMIC_NO_PIC = NO;
				GCC_NO_COMMON_BLOCKS = YES;
				GCC_OPTIMIZATION_LEVEL = 0;
				GCC_PREPROCESSOR_DEFINITIONS = (
					"DEBUG=1",
					"$(inherited)",
				);
				GCC_WARN_64_TO_32_BIT_CONVERSION = YES;
				GCC_WARN_ABOUT_RETURN_TYPE = YES_ERROR;
				GCC_WARN_UNDECLARED_SELECTOR = YES;
				GCC_WARN_UNINITIALIZED_AUTOS = YES_AGGRESSIVE;
				GCC_WARN_UNUSED_FUNCTION = YES;
				GCC_WARN_UNUSED_VARIABLE = YES;
				MACOSX_DEPLOYMENT_TARGET = 10.15;
				MTL_ENABLE_DEBUG_INFO = INCLUDE_SOURCE;
				MTL_FAST_MATH = YES;
				ONLY_ACTIVE_ARCH = YES;
				SDKROOT = macosx;
				SWIFT_ACTIVE_COMPILATION_CONDITIONS = DEBUG;
				SWIFT_OPTIMIZATION_LEVEL = "-Onone";
			};
			name = Debug;
		};
		F88D6F5E25DDEF0A001F90AF /* Release */ = {
			isa = XCBuildConfiguration;
			buildSettings = {
				ALWAYS_SEARCH_USER_PATHS = NO;
				CLANG_ANALYZER_NONNULL = YES;
				CLANG_ANALYZER_NUMBER_OBJECT_CONVERSION = YES_AGGRESSIVE;
				CLANG_CXX_LANGUAGE_STANDARD = "gnu++14";
				CLANG_CXX_LIBRARY = "libc++";
				CLANG_ENABLE_MODULES = YES;
				CLANG_ENABLE_OBJC_ARC = YES;
				CLANG_ENABLE_OBJC_WEAK = YES;
				CLANG_WARN_BLOCK_CAPTURE_AUTORELEASING = YES;
				CLANG_WARN_BOOL_CONVERSION = YES;
				CLANG_WARN_COMMA = YES;
				CLANG_WARN_CONSTANT_CONVERSION = YES;
				CLANG_WARN_DEPRECATED_OBJC_IMPLEMENTATIONS = YES;
				CLANG_WARN_DIRECT_OBJC_ISA_USAGE = YES_ERROR;
				CLANG_WARN_DOCUMENTATION_COMMENTS = YES;
				CLANG_WARN_EMPTY_BODY = YES;
				CLANG_WARN_ENUM_CONVERSION = YES;
				CLANG_WARN_INFINITE_RECURSION = YES;
				CLANG_WARN_INT_CONVERSION = YES;
				CLANG_WARN_NON_LITERAL_NULL_CONVERSION = YES;
				CLANG_WARN_OBJC_IMPLICIT_RETAIN_SELF = YES;
				CLANG_WARN_OBJC_LITERAL_CONVERSION = YES;
				CLANG_WARN_OBJC_ROOT_CLASS = YES_ERROR;
				CLANG_WARN_QUOTED_INCLUDE_IN_FRAMEWORK_HEADER = YES;
				CLANG_WARN_RANGE_LOOP_ANALYSIS = YES;
				CLANG_WARN_STRICT_PROTOTYPES = YES;
				CLANG_WARN_SUSPICIOUS_MOVE = YES;
				CLANG_WARN_UNGUARDED_AVAILABILITY = YES_AGGRESSIVE;
				CLANG_WARN_UNREACHABLE_CODE = YES;
				CLANG_WARN__DUPLICATE_METHOD_MATCH = YES;
				COPY_PHASE_STRIP = NO;
				DEBUG_INFORMATION_FORMAT = "dwarf-with-dsym";
				ENABLE_NS_ASSERTIONS = NO;
				ENABLE_STRICT_OBJC_MSGSEND = YES;
				GCC_C_LANGUAGE_STANDARD = gnu11;
				GCC_NO_COMMON_BLOCKS = YES;
				GCC_WARN_64_TO_32_BIT_CONVERSION = YES;
				GCC_WARN_ABOUT_RETURN_TYPE = YES_ERROR;
				GCC_WARN_UNDECLARED_SELECTOR = YES;
				GCC_WARN_UNINITIALIZED_AUTOS = YES_AGGRESSIVE;
				GCC_WARN_UNUSED_FUNCTION = YES;
				GCC_WARN_UNUSED_VARIABLE = YES;
				MACOSX_DEPLOYMENT_TARGET = 10.15;
				MTL_ENABLE_DEBUG_INFO = NO;
				MTL_FAST_MATH = YES;
				SDKROOT = macosx;
				SWIFT_COMPILATION_MODE = wholemodule;
				SWIFT_OPTIMIZATION_LEVEL = "-O";
			};
			name = Release;
		};
		F88D6F6025DDEF0A001F90AF /* Debug */ = {
			isa = XCBuildConfiguration;
			buildSettings = {
				CODE_SIGN_ENTITLEMENTS = "MarkDownload - Markdown Web Clipper Extension/MarkDownload___Markdown_Web_Clipper_Extension.entitlements";
				CODE_SIGN_STYLE = Automatic;
				CURRENT_PROJECT_VERSION = 2;
				DEVELOPMENT_TEAM = 4JYKNQ5WRZ;
				INFOPLIST_FILE = "MarkDownload - Markdown Web Clipper Extension/Info.plist";
				LD_RUNPATH_SEARCH_PATHS = (
					"$(inherited)",
					"@executable_path/../Frameworks",
					"@executable_path/../../../../Frameworks",
				);
				MACOSX_DEPLOYMENT_TARGET = 10.14;
				MARKETING_VERSION = 3.0.0;
				PRODUCT_BUNDLE_IDENTIFIER = au.death.MarkDownload.Extension;
				PRODUCT_NAME = "$(TARGET_NAME)";
				SKIP_INSTALL = YES;
				SWIFT_VERSION = 5.0;
			};
			name = Debug;
		};
		F88D6F6125DDEF0A001F90AF /* Release */ = {
			isa = XCBuildConfiguration;
			buildSettings = {
				CODE_SIGN_ENTITLEMENTS = "MarkDownload - Markdown Web Clipper Extension/MarkDownload___Markdown_Web_Clipper_Extension.entitlements";
				CODE_SIGN_STYLE = Automatic;
				CURRENT_PROJECT_VERSION = 2;
				DEVELOPMENT_TEAM = 4JYKNQ5WRZ;
				INFOPLIST_FILE = "MarkDownload - Markdown Web Clipper Extension/Info.plist";
				LD_RUNPATH_SEARCH_PATHS = (
					"$(inherited)",
					"@executable_path/../Frameworks",
					"@executable_path/../../../../Frameworks",
				);
				MACOSX_DEPLOYMENT_TARGET = 10.14;
				MARKETING_VERSION = 3.0.0;
				PRODUCT_BUNDLE_IDENTIFIER = au.death.MarkDownload.Extension;
				PRODUCT_NAME = "$(TARGET_NAME)";
				SKIP_INSTALL = YES;
				SWIFT_VERSION = 5.0;
			};
			name = Release;
		};
		F88D6F6425DDEF0A001F90AF /* Debug */ = {
			isa = XCBuildConfiguration;
			buildSettings = {
				ALWAYS_EMBED_SWIFT_STANDARD_LIBRARIES = YES;
				ASSETCATALOG_COMPILER_APPICON_NAME = AppIcon;
				ASSETCATALOG_COMPILER_GLOBAL_ACCENT_COLOR_NAME = AccentColor;
				CODE_SIGN_ENTITLEMENTS = "MarkDownload - Markdown Web Clipper/MarkDownload___Markdown_Web_Clipper.entitlements";
				CODE_SIGN_STYLE = Automatic;
				COMBINE_HIDPI_IMAGES = YES;
				CURRENT_PROJECT_VERSION = 2;
				DEVELOPMENT_TEAM = 4JYKNQ5WRZ;
				INFOPLIST_FILE = "MarkDownload - Markdown Web Clipper/Info.plist";
				LD_RUNPATH_SEARCH_PATHS = (
					"$(inherited)",
					"@executable_path/../Frameworks",
				);
				MACOSX_DEPLOYMENT_TARGET = 10.14;
				MARKETING_VERSION = 3.0.0;
				PRODUCT_BUNDLE_IDENTIFIER = au.death.MarkDownload;
				PRODUCT_NAME = "$(TARGET_NAME)";
				SWIFT_VERSION = 5.0;
			};
			name = Debug;
		};
		F88D6F6525DDEF0A001F90AF /* Release */ = {
			isa = XCBuildConfiguration;
			buildSettings = {
				ALWAYS_EMBED_SWIFT_STANDARD_LIBRARIES = YES;
				ASSETCATALOG_COMPILER_APPICON_NAME = AppIcon;
				ASSETCATALOG_COMPILER_GLOBAL_ACCENT_COLOR_NAME = AccentColor;
				CODE_SIGN_ENTITLEMENTS = "MarkDownload - Markdown Web Clipper/MarkDownload___Markdown_Web_Clipper.entitlements";
				CODE_SIGN_STYLE = Automatic;
				COMBINE_HIDPI_IMAGES = YES;
				CURRENT_PROJECT_VERSION = 2;
				DEVELOPMENT_TEAM = 4JYKNQ5WRZ;
				INFOPLIST_FILE = "MarkDownload - Markdown Web Clipper/Info.plist";
				LD_RUNPATH_SEARCH_PATHS = (
					"$(inherited)",
					"@executable_path/../Frameworks",
				);
				MACOSX_DEPLOYMENT_TARGET = 10.14;
				MARKETING_VERSION = 3.0.0;
				PRODUCT_BUNDLE_IDENTIFIER = au.death.MarkDownload;
				PRODUCT_NAME = "$(TARGET_NAME)";
				SWIFT_VERSION = 5.0;
			};
			name = Release;
		};
/* End XCBuildConfiguration section */

/* Begin XCConfigurationList section */
		F88D6F3A25DDEF07001F90AF /* Build configuration list for PBXProject "MarkDownload - Markdown Web Clipper" */ = {
			isa = XCConfigurationList;
			buildConfigurations = (
				F88D6F5D25DDEF0A001F90AF /* Debug */,
				F88D6F5E25DDEF0A001F90AF /* Release */,
			);
			defaultConfigurationIsVisible = 0;
			defaultConfigurationName = Release;
		};
		F88D6F5F25DDEF0A001F90AF /* Build configuration list for PBXNativeTarget "MarkDownload - Markdown Web Clipper Extension" */ = {
			isa = XCConfigurationList;
			buildConfigurations = (
				F88D6F6025DDEF0A001F90AF /* Debug */,
				F88D6F6125DDEF0A001F90AF /* Release */,
			);
			defaultConfigurationIsVisible = 0;
			defaultConfigurationName = Release;
		};
		F88D6F6325DDEF0A001F90AF /* Build configuration list for PBXNativeTarget "MarkDownload - Markdown Web Clipper" */ = {
			isa = XCConfigurationList;
			buildConfigurations = (
				F88D6F6425DDEF0A001F90AF /* Debug */,
				F88D6F6525DDEF0A001F90AF /* Release */,
			);
			defaultConfigurationIsVisible = 0;
			defaultConfigurationName = Release;
		};
/* End XCConfigurationList section */
	};
	rootObject = F88D6F3725DDEF07001F90AF /* Project object */;
}
